<?xml version="1.0" encoding="utf-8"?>
<Project ToolsVersion="4.0" xmlns="http://schemas.microsoft.com/developer/msbuild/2003">
  <ItemGroup>
    <Filter Include="ソース ファイル">
      <UniqueIdentifier>{4FC737F1-C7A5-4376-A066-2A32D752A2FF}</UniqueIdentifier>
      <Extensions>cpp;c;cc;cxx;def;odl;idl;hpj;bat;asm;asmx</Extensions>
    </Filter>
    <Filter Include="ヘッダー ファイル">
      <UniqueIdentifier>{93995380-89BD-4b04-88EB-625FBE52EBFB}</UniqueIdentifier>
      <Extensions>h;hh;hpp;hxx;hm;inl;inc;xsd</Extensions>
    </Filter>
    <Filter Include="リソース ファイル">
      <UniqueIdentifier>{67DA6AB6-F800-4c08-8B7A-83BB121AAD01}</UniqueIdentifier>
      <Extensions>rc;ico;cur;bmp;dlg;rc2;rct;bin;rgs;gif;jpg;jpeg;jpe;resx;tiff;tif;png;wav;mfcribbon-ms</Extensions>
    </Filter>
    <Filter Include="ソース ファイル\GAME">
      <UniqueIdentifier>{311c6912-c24d-407c-9d30-8d10337f229a}</UniqueIdentifier>
    </Filter>
    <Filter Include="ソース ファイル\SYSTEM">
      <UniqueIdentifier>{3ae9c1f3-e608-4e63-b540-879ada7596af}</UniqueIdentifier>
    </Filter>
    <Filter Include="ソース ファイル\RESULT">
      <UniqueIdentifier>{74d137bf-b93a-4c19-8707-fdce3b45877b}</UniqueIdentifier>
    </Filter>
    <Filter Include="ヘッダー ファイル\GAME">
      <UniqueIdentifier>{c1ba1f11-dcee-4796-a393-75af5dc261e4}</UniqueIdentifier>
    </Filter>
    <Filter Include="ヘッダー ファイル\RESULT">
      <UniqueIdentifier>{328af433-c3a6-474c-b8e7-ccb5d2a0066c}</UniqueIdentifier>
    </Filter>
    <Filter Include="ヘッダー ファイル\SYSTEM">
      <UniqueIdentifier>{a734cc45-3ab6-44b1-acb2-1c992451df66}</UniqueIdentifier>
    </Filter>
    <Filter Include="ソース ファイル\TITLE">
      <UniqueIdentifier>{4d0d421d-e30c-4f00-99aa-65c999538090}</UniqueIdentifier>
    </Filter>
    <Filter Include="ヘッダー ファイル\TITLE">
      <UniqueIdentifier>{898c7f67-bb75-4274-85d2-b24c106f171f}</UniqueIdentifier>
    </Filter>
    <Filter Include="ソース ファイル\RANKING">
      <UniqueIdentifier>{a5e27d3e-c276-4594-ba6a-2914d8209df3}</UniqueIdentifier>
    </Filter>
    <Filter Include="ヘッダー ファイル\RANKING">
      <UniqueIdentifier>{507d7bdc-a85b-46f0-af02-78db19ac755a}</UniqueIdentifier>
    </Filter>
  </ItemGroup>
  <ItemGroup>
    <ClInclude Include="camera.h">
      <Filter>ヘッダー ファイル\GAME</Filter>
    </ClInclude>
    <ClInclude Include="collision.h">
      <Filter>ヘッダー ファイル\GAME</Filter>
    </ClInclude>
    <ClInclude Include="enemy.h">
      <Filter>ヘッダー ファイル\GAME</Filter>
    </ClInclude>
    <ClInclude Include="game.h">
      <Filter>ヘッダー ファイル\GAME</Filter>
    </ClInclude>
    <ClInclude Include="light.h">
      <Filter>ヘッダー ファイル\GAME</Filter>
    </ClInclude>
    <ClInclude Include="meshfield.h">
      <Filter>ヘッダー ファイル\GAME</Filter>
    </ClInclude>
    <ClInclude Include="meshwall.h">
      <Filter>ヘッダー ファイル\GAME</Filter>
    </ClInclude>
    <ClInclude Include="skybox.h">
      <Filter>ヘッダー ファイル\GAME</Filter>
    </ClInclude>
    <ClInclude Include="portal.h">
      <Filter>ヘッダー ファイル\GAME</Filter>
    </ClInclude>
    <ClInclude Include="player.h">
      <Filter>ヘッダー ファイル\GAME</Filter>
    </ClInclude>
    <ClInclude Include="result.h">
      <Filter>ヘッダー ファイル\RESULT</Filter>
    </ClInclude>
    <ClInclude Include="fade.h">
      <Filter>ヘッダー ファイル\SYSTEM</Filter>
    </ClInclude>
    <ClInclude Include="main.h">
      <Filter>ヘッダー ファイル\SYSTEM</Filter>
    </ClInclude>
    <ClInclude Include="input.h">
      <Filter>ヘッダー ファイル\SYSTEM</Filter>
    </ClInclude>
    <ClInclude Include="motion.h">
      <Filter>ヘッダー ファイル\GAME</Filter>
    </ClInclude>
    <ClInclude Include="object.h">
      <Filter>ヘッダー ファイル\GAME</Filter>
    </ClInclude>
    <ClInclude Include="commandaction.h">
      <Filter>ヘッダー ファイル\GAME</Filter>
    </ClInclude>
    <ClInclude Include="boss.h">
      <Filter>ヘッダー ファイル\GAME</Filter>
    </ClInclude>
    <ClInclude Include="boss_attack.h">
      <Filter>ヘッダー ファイル\GAME</Filter>
    </ClInclude>
    <ClInclude Include="effect.h">
      <Filter>ヘッダー ファイル\GAME</Filter>
    </ClInclude>
    <ClInclude Include="bullet.h">
      <Filter>ヘッダー ファイル\GAME</Filter>
    </ClInclude>
    <ClInclude Include="title.h">
      <Filter>ヘッダー ファイル\TITLE</Filter>
    </ClInclude>
    <ClInclude Include="ranking.h">
      <Filter>ヘッダー ファイル\RANKING</Filter>
    </ClInclude>
    <ClInclude Include="Dinput.h">
      <Filter>ヘッダー ファイル\SYSTEM</Filter>
    </ClInclude>
    <ClInclude Include="score.h">
      <Filter>ヘッダー ファイル\GAME</Filter>
    </ClInclude>
  </ItemGroup>
  <ItemGroup>
    <ClCompile Include="camera.cpp">
      <Filter>ソース ファイル\GAME</Filter>
    </ClCompile>
    <ClCompile Include="collision.cpp">
      <Filter>ソース ファイル\GAME</Filter>
    </ClCompile>
    <ClCompile Include="enemy.cpp">
      <Filter>ソース ファイル\GAME</Filter>
    </ClCompile>
    <ClCompile Include="game.cpp">
      <Filter>ソース ファイル\GAME</Filter>
    </ClCompile>
    <ClCompile Include="light.cpp">
      <Filter>ソース ファイル\GAME</Filter>
    </ClCompile>
    <ClCompile Include="meshfield.cpp">
      <Filter>ソース ファイル\GAME</Filter>
    </ClCompile>
    <ClCompile Include="meshwall.cpp">
      <Filter>ソース ファイル\GAME</Filter>
    </ClCompile>
    <ClCompile Include="player.cpp">
      <Filter>ソース ファイル\GAME</Filter>
    </ClCompile>
    <ClCompile Include="portal.cpp">
      <Filter>ソース ファイル\GAME</Filter>
    </ClCompile>
    <ClCompile Include="skybox.cpp">
      <Filter>ソース ファイル\GAME</Filter>
    </ClCompile>
    <ClCompile Include="fade.cpp">
      <Filter>ソース ファイル\SYSTEM</Filter>
    </ClCompile>
    <ClCompile Include="input.cpp">
      <Filter>ソース ファイル\SYSTEM</Filter>
    </ClCompile>
    <ClCompile Include="main.cpp">
      <Filter>ソース ファイル\SYSTEM</Filter>
    </ClCompile>
    <ClCompile Include="result.cpp">
      <Filter>ソース ファイル\RESULT</Filter>
    </ClCompile>
    <ClCompile Include="motion.cpp">
      <Filter>ソース ファイル\GAME</Filter>
    </ClCompile>
    <ClCompile Include="object.cpp">
      <Filter>ソース ファイル\GAME</Filter>
    </ClCompile>
    <ClCompile Include="commandaction.cpp">
      <Filter>ソース ファイル\GAME</Filter>
    </ClCompile>
    <ClCompile Include="boss.cpp">
      <Filter>ソース ファイル\GAME</Filter>
    </ClCompile>
    <ClCompile Include="boss_attack.cpp">
      <Filter>ソース ファイル\GAME</Filter>
    </ClCompile>
    <ClCompile Include="effect.cpp">
      <Filter>ソース ファイル\GAME</Filter>
    </ClCompile>
    <ClCompile Include="bullet.cpp">
      <Filter>ソース ファイル\GAME</Filter>
    </ClCompile>
    <ClCompile Include="title.cpp">
      <Filter>ソース ファイル\TITLE</Filter>
    </ClCompile>
    <ClCompile Include="ranking.cpp">
      <Filter>ソース ファイル\RANKING</Filter>
    </ClCompile>
    <ClCompile Include="Dinput.cpp">
      <Filter>ソース ファイル\SYSTEM</Filter>
    </ClCompile>
    <ClCompile Include="score.cpp">
      <Filter>ソース ファイル\GAME</Filter>
    </ClCompile>
  </ItemGroup>
</Project>